
Microsoft Visual Studio Solution File, Format Version 12.00
# Visual Studio Version 17
VisualStudioVersion = 17.9.34701.34
MinimumVisualStudioVersion = 10.0.40219.1
Project("{FAE04EC0-301F-11D3-BF4B-00C04F79EFBC}") = "VCI.UPS.StreetAddressValidation", "VCI.UPS.StreetAddressValidation\VCI.UPS.StreetAddressValidation.csproj", "{6910C885-7BA9-4D9C-966F-DE2DE5DB01FB}"
EndProject
Project("{FAE04EC0-301F-11D3-BF4B-00C04F79EFBC}") = "VCI.UPS.StreetAddressValidation.Tests", "VCI.UPS.StreetAddressValidation.Tests\VCI.UPS.StreetAddressValidation.Tests.csproj", "{46603AFC-5763-4619-81AC-E5D897CA5B78}"
EndProject
Global
	GlobalSection(SolutionConfigurationPlatforms) = preSolution
		Debug|Any CPU = Debug|Any CPU
		Release|Any CPU = Release|Any CPU
	EndGlobalSection
	GlobalSection(ProjectConfigurationPlatforms) = postSolution
		{6910C885-7BA9-4D9C-966F-DE2DE5DB01FB}.Debug|Any CPU.ActiveCfg = Debug|Any CPU
		{6910C885-7BA9-4D9C-966F-DE2DE5DB01FB}.Debug|Any CPU.Build.0 = Debug|Any CPU
		{6910C885-7BA9-4D9C-966F-DE2DE5DB01FB}.Release|Any CPU.ActiveCfg = Release|Any CPU
		{6910C885-7BA9-4D9C-966F-DE2DE5DB01FB}.Release|Any CPU.Build.0 = Release|Any CPU
		{46603AFC-5763-4619-81AC-E5D897CA5B78}.Debug|Any CPU.ActiveCfg = Debug|Any CPU
		{46603AFC-5763-4619-81AC-E5D897CA5B78}.Debug|Any CPU.Build.0 = Debug|Any CPU
		{46603AFC-5763-4619-81AC-E5D897CA5B78}.Release|Any CPU.ActiveCfg = Release|Any CPU
		{46603AFC-5763-4619-81AC-E5D897CA5B78}.Release|Any CPU.Build.0 = Release|Any CPU
	EndGlobalSection
	GlobalSection(SolutionProperties) = preSolution
		HideSolutionNode = FALSE
	EndGlobalSection
	GlobalSection(ExtensibilityGlobals) = postSolution
		SolutionGuid = {4BA671C4-FD17-4EE7-B42C-4190FFB57EAB}
	EndGlobalSection
EndGlobal
